
Microsoft Visual Studio Solution File, Format Version 12.00
# Visual Studio Version 16
VisualStudioVersion = 16.0.31019.35
MinimumVisualStudioVersion = 10.0.40219.1
Project("{9A19103F-16F7-4668-BE54-9A1E7A4F7556}") = "CitasMedicasNet5", "CitasMedicasNet5\CitasMedicasNet5.csproj", "{2D2A728C-2113-4F06-A2BE-CF6F990C76CB}"
EndProject
Global
	GlobalSection(SolutionConfigurationPlatforms) = preSolution
		Debug|Any CPU = Debug|Any CPU
		Release|Any CPU = Release|Any CPU
	EndGlobalSection
	GlobalSection(ProjectConfigurationPlatforms) = postSolution
		{2D2A728C-2113-4F06-A2BE-CF6F990C76CB}.Debug|Any CPU.ActiveCfg = Debug|Any CPU
		{2D2A728C-2113-4F06-A2BE-CF6F990C76CB}.Debug|Any CPU.Build.0 = Debug|Any CPU
		{2D2A728C-2113-4F06-A2BE-CF6F990C76CB}.Release|Any CPU.ActiveCfg = Release|Any CPU
		{2D2A728C-2113-4F06-A2BE-CF6F990C76CB}.Release|Any CPU.Build.0 = Release|Any CPU
	EndGlobalSection
	GlobalSection(SolutionProperties) = preSolution
		HideSolutionNode = FALSE
	EndGlobalSection
	GlobalSection(ExtensibilityGlobals) = postSolution
		SolutionGuid = {5EE79077-0EFF-4236-8AE5-7C62DF310E0B}
	EndGlobalSection
EndGlobal
